
Microsoft Visual Studio Solution File, Format Version 12.00
# Visual Studio Version 16
VisualStudioVersion = 16.0.31105.61
MinimumVisualStudioVersion = 10.0.40219.1
Project("{9A19103F-16F7-4668-BE54-9A1E7A4F7556}") = "ControleFinanceiro.API", "ControleFinanceiro.API.csproj", "{4F9445A2-7D1C-46A3-B529-E5F0AB4EC23B}"
EndProject
Project("{FAE04EC0-301F-11D3-BF4B-00C04F79EFBC}") = "ControleFinanceiro.BLL", "..\ControleFinanceiro.BLL\ControleFinanceiro.BLL.csproj", "{C1DA04A6-3C23-4A4A-8819-5FC26F7E17A6}"
EndProject
Project("{FAE04EC0-301F-11D3-BF4B-00C04F79EFBC}") = "ControleFinanceiro.DAL", "..\ControleFinanceiro.DAL\ControleFinanceiro.DAL.csproj", "{33F8A94C-7C78-4A27-9929-F83E713B7ABA}"
EndProject
Global
	GlobalSection(SolutionConfigurationPlatforms) = preSolution
		Debug|Any CPU = Debug|Any CPU
		Release|Any CPU = Release|Any CPU
	EndGlobalSection
	GlobalSection(ProjectConfigurationPlatforms) = postSolution
		{4F9445A2-7D1C-46A3-B529-E5F0AB4EC23B}.Debug|Any CPU.ActiveCfg = Debug|Any CPU
		{4F9445A2-7D1C-46A3-B529-E5F0AB4EC23B}.Debug|Any CPU.Build.0 = Debug|Any CPU
		{4F9445A2-7D1C-46A3-B529-E5F0AB4EC23B}.Release|Any CPU.ActiveCfg = Release|Any CPU
		{4F9445A2-7D1C-46A3-B529-E5F0AB4EC23B}.Release|Any CPU.Build.0 = Release|Any CPU
		{C1DA04A6-3C23-4A4A-8819-5FC26F7E17A6}.Debug|Any CPU.ActiveCfg = Debug|Any CPU
		{C1DA04A6-3C23-4A4A-8819-5FC26F7E17A6}.Debug|Any CPU.Build.0 = Debug|Any CPU
		{C1DA04A6-3C23-4A4A-8819-5FC26F7E17A6}.Release|Any CPU.ActiveCfg = Release|Any CPU
		{C1DA04A6-3C23-4A4A-8819-5FC26F7E17A6}.Release|Any CPU.Build.0 = Release|Any CPU
		{33F8A94C-7C78-4A27-9929-F83E713B7ABA}.Debug|Any CPU.ActiveCfg = Debug|Any CPU
		{33F8A94C-7C78-4A27-9929-F83E713B7ABA}.Debug|Any CPU.Build.0 = Debug|Any CPU
		{33F8A94C-7C78-4A27-9929-F83E713B7ABA}.Release|Any CPU.ActiveCfg = Release|Any CPU
		{33F8A94C-7C78-4A27-9929-F83E713B7ABA}.Release|Any CPU.Build.0 = Release|Any CPU
	EndGlobalSection
	GlobalSection(SolutionProperties) = preSolution
		HideSolutionNode = FALSE
	EndGlobalSection
	GlobalSection(ExtensibilityGlobals) = postSolution
		SolutionGuid = {13D15982-498B-49A9-9030-8B7FF5E18FDB}
	EndGlobalSection
EndGlobal
